
Microsoft Visual Studio Solution File, Format Version 12.00
# Visual Studio Version 17
VisualStudioVersion = 17.8.34525.116
MinimumVisualStudioVersion = 10.0.40219.1
Project("{FAE04EC0-301F-11D3-BF4B-00C04F79EFBC}") = "EasyCooking.Android", "EasyCooking.Android\EasyCooking.Android.csproj", "{24F85B9C-44AF-432F-B075-0810CCB54B30}"
EndProject
Project("{FAE04EC0-301F-11D3-BF4B-00C04F79EFBC}") = "EasyCooking.iOS", "EasyCooking.iOS\EasyCooking.iOS.csproj", "{A7FBD300-72AA-441F-972A-EDF9422F53D3}"
EndProject
Project("{FAE04EC0-301F-11D3-BF4B-00C04F79EFBC}") = "EasyCooking", "EasyCooking\EasyCooking.csproj", "{87602F03-87F8-4E1A-A924-739D92A3C216}"
EndProject
Global
	GlobalSection(SolutionConfigurationPlatforms) = preSolution
		Debug|Any CPU = Debug|Any CPU
		Debug|iPhone = Debug|iPhone
		Debug|iPhoneSimulator = Debug|iPhoneSimulator
		Release|Any CPU = Release|Any CPU
		Release|iPhone = Release|iPhone
		Release|iPhoneSimulator = Release|iPhoneSimulator
	EndGlobalSection
	GlobalSection(ProjectConfigurationPlatforms) = postSolution
		{24F85B9C-44AF-432F-B075-0810CCB54B30}.Debug|Any CPU.ActiveCfg = Debug|Any CPU
		{24F85B9C-44AF-432F-B075-0810CCB54B30}.Debug|Any CPU.Build.0 = Debug|Any CPU
		{24F85B9C-44AF-432F-B075-0810CCB54B30}.Debug|Any CPU.Deploy.0 = Debug|Any CPU
		{24F85B9C-44AF-432F-B075-0810CCB54B30}.Debug|iPhone.ActiveCfg = Debug|Any CPU
		{24F85B9C-44AF-432F-B075-0810CCB54B30}.Debug|iPhone.Build.0 = Debug|Any CPU
		{24F85B9C-44AF-432F-B075-0810CCB54B30}.Debug|iPhone.Deploy.0 = Debug|Any CPU
		{24F85B9C-44AF-432F-B075-0810CCB54B30}.Debug|iPhoneSimulator.ActiveCfg = Debug|Any CPU
		{24F85B9C-44AF-432F-B075-0810CCB54B30}.Debug|iPhoneSimulator.Build.0 = Debug|Any CPU
		{24F85B9C-44AF-432F-B075-0810CCB54B30}.Debug|iPhoneSimulator.Deploy.0 = Debug|Any CPU
		{24F85B9C-44AF-432F-B075-0810CCB54B30}.Release|Any CPU.ActiveCfg = Release|Any CPU
		{24F85B9C-44AF-432F-B075-0810CCB54B30}.Release|Any CPU.Build.0 = Release|Any CPU
		{24F85B9C-44AF-432F-B075-0810CCB54B30}.Release|Any CPU.Deploy.0 = Release|Any CPU
		{24F85B9C-44AF-432F-B075-0810CCB54B30}.Release|iPhone.ActiveCfg = Release|Any CPU
		{24F85B9C-44AF-432F-B075-0810CCB54B30}.Release|iPhone.Build.0 = Release|Any CPU
		{24F85B9C-44AF-432F-B075-0810CCB54B30}.Release|iPhone.Deploy.0 = Release|Any CPU
		{24F85B9C-44AF-432F-B075-0810CCB54B30}.Release|iPhoneSimulator.ActiveCfg = Release|Any CPU
		{24F85B9C-44AF-432F-B075-0810CCB54B30}.Release|iPhoneSimulator.Build.0 = Release|Any CPU
		{24F85B9C-44AF-432F-B075-0810CCB54B30}.Release|iPhoneSimulator.Deploy.0 = Release|Any CPU
		{A7FBD300-72AA-441F-972A-EDF9422F53D3}.Debug|Any CPU.ActiveCfg = Debug|iPhone
		{A7FBD300-72AA-441F-972A-EDF9422F53D3}.Debug|Any CPU.Build.0 = Debug|iPhone
		{A7FBD300-72AA-441F-972A-EDF9422F53D3}.Debug|Any CPU.Deploy.0 = Debug|iPhone
		{A7FBD300-72AA-441F-972A-EDF9422F53D3}.Debug|iPhone.ActiveCfg = Debug|iPhone
		{A7FBD300-72AA-441F-972A-EDF9422F53D3}.Debug|iPhone.Build.0 = Debug|iPhone
		{A7FBD300-72AA-441F-972A-EDF9422F53D3}.Debug|iPhone.Deploy.0 = Debug|iPhone
		{A7FBD300-72AA-441F-972A-EDF9422F53D3}.Debug|iPhoneSimulator.ActiveCfg = Debug|iPhoneSimulator
		{A7FBD300-72AA-441F-972A-EDF9422F53D3}.Debug|iPhoneSimulator.Build.0 = Debug|iPhoneSimulator
		{A7FBD300-72AA-441F-972A-EDF9422F53D3}.Debug|iPhoneSimulator.Deploy.0 = Debug|iPhoneSimulator
		{A7FBD300-72AA-441F-972A-EDF9422F53D3}.Release|Any CPU.ActiveCfg = Release|iPhoneSimulator
		{A7FBD300-72AA-441F-972A-EDF9422F53D3}.Release|Any CPU.Build.0 = Release|iPhoneSimulator
		{A7FBD300-72AA-441F-972A-EDF9422F53D3}.Release|Any CPU.Deploy.0 = Release|iPhoneSimulator
		{A7FBD300-72AA-441F-972A-EDF9422F53D3}.Release|iPhone.ActiveCfg = Release|iPhone
		{A7FBD300-72AA-441F-972A-EDF9422F53D3}.Release|iPhone.Build.0 = Release|iPhone
		{A7FBD300-72AA-441F-972A-EDF9422F53D3}.Release|iPhone.Deploy.0 = Release|iPhone
		{A7FBD300-72AA-441F-972A-EDF9422F53D3}.Release|iPhoneSimulator.ActiveCfg = Release|iPhoneSimulator
		{A7FBD300-72AA-441F-972A-EDF9422F53D3}.Release|iPhoneSimulator.Build.0 = Release|iPhoneSimulator
		{A7FBD300-72AA-441F-972A-EDF9422F53D3}.Release|iPhoneSimulator.Deploy.0 = Release|iPhoneSimulator
		{87602F03-87F8-4E1A-A924-739D92A3C216}.Debug|Any CPU.ActiveCfg = Debug|Any CPU
		{87602F03-87F8-4E1A-A924-739D92A3C216}.Debug|Any CPU.Build.0 = Debug|Any CPU
		{87602F03-87F8-4E1A-A924-739D92A3C216}.Debug|Any CPU.Deploy.0 = Debug|Any CPU
		{87602F03-87F8-4E1A-A924-739D92A3C216}.Debug|iPhone.ActiveCfg = Debug|Any CPU
		{87602F03-87F8-4E1A-A924-739D92A3C216}.Debug|iPhone.Build.0 = Debug|Any CPU
		{87602F03-87F8-4E1A-A924-739D92A3C216}.Debug|iPhone.Deploy.0 = Debug|Any CPU
		{87602F03-87F8-4E1A-A924-739D92A3C216}.Debug|iPhoneSimulator.ActiveCfg = Debug|Any CPU
		{87602F03-87F8-4E1A-A924-739D92A3C216}.Debug|iPhoneSimulator.Build.0 = Debug|Any CPU
		{87602F03-87F8-4E1A-A924-739D92A3C216}.Debug|iPhoneSimulator.Deploy.0 = Debug|Any CPU
		{87602F03-87F8-4E1A-A924-739D92A3C216}.Release|Any CPU.ActiveCfg = Release|Any CPU
		{87602F03-87F8-4E1A-A924-739D92A3C216}.Release|Any CPU.Build.0 = Release|Any CPU
		{87602F03-87F8-4E1A-A924-739D92A3C216}.Release|Any CPU.Deploy.0 = Release|Any CPU
		{87602F03-87F8-4E1A-A924-739D92A3C216}.Release|iPhone.ActiveCfg = Release|Any CPU
		{87602F03-87F8-4E1A-A924-739D92A3C216}.Release|iPhone.Build.0 = Release|Any CPU
		{87602F03-87F8-4E1A-A924-739D92A3C216}.Release|iPhone.Deploy.0 = Release|Any CPU
		{87602F03-87F8-4E1A-A924-739D92A3C216}.Release|iPhoneSimulator.ActiveCfg = Release|Any CPU
		{87602F03-87F8-4E1A-A924-739D92A3C216}.Release|iPhoneSimulator.Build.0 = Release|Any CPU
		{87602F03-87F8-4E1A-A924-739D92A3C216}.Release|iPhoneSimulator.Deploy.0 = Release|Any CPU
	EndGlobalSection
	GlobalSection(SolutionProperties) = preSolution
		HideSolutionNode = FALSE
	EndGlobalSection
	GlobalSection(ExtensibilityGlobals) = postSolution
		SolutionGuid = {3188DA21-64CD-46E2-97D7-792B6A1AB4E4}
	EndGlobalSection
EndGlobal
